// !$*UTF8*$!
{
	archiveVersion = 1;
	classes = {
	};
	objectVersion = 55;
	objects = {

/* Begin PBXBuildFile section */
		A738695127DBD39700530539 /* Extensions.swift in Sources */ = {isa = PBXBuildFile; fileRef = A738695027DBD39700530539 /* Extensions.swift */; };
		A77F63AB27DA8E9E009DE6A5 /* GoogleService-Info.plist in Resources */ = {isa = PBXBuildFile; fileRef = A77F63AA27DA8E9E009DE6A5 /* GoogleService-Info.plist */; };
		A78F90B727DBCA840032B669 /* StorageManager.swift in Sources */ = {isa = PBXBuildFile; fileRef = A78F90B627DBCA840032B669 /* StorageManager.swift */; };
		A78F90B927DBCA9F0032B669 /* AuthenticationManager.swift in Sources */ = {isa = PBXBuildFile; fileRef = A78F90B827DBCA9F0032B669 /* AuthenticationManager.swift */; };
		A78F90BB27DBCAAB0032B669 /* DatabaseManager.swift in Sources */ = {isa = PBXBuildFile; fileRef = A78F90BA27DBCAAB0032B669 /* DatabaseManager.swift */; };
		A7B357FA27DA765B00165B4B /* AppDelegate.swift in Sources */ = {isa = PBXBuildFile; fileRef = A7B357F927DA765B00165B4B /* AppDelegate.swift */; };
		A7B357FC27DA765B00165B4B /* SceneDelegate.swift in Sources */ = {isa = PBXBuildFile; fileRef = A7B357FB27DA765B00165B4B /* SceneDelegate.swift */; };
		A7B357FE27DA765B00165B4B /* HomeViewController.swift in Sources */ = {isa = PBXBuildFile; fileRef = A7B357FD27DA765B00165B4B /* HomeViewController.swift */; };
		A7B3580127DA765B00165B4B /* Main.storyboard in Resources */ = {isa = PBXBuildFile; fileRef = A7B357FF27DA765B00165B4B /* Main.storyboard */; };
		A7B3580327DA765C00165B4B /* Assets.xcassets in Resources */ = {isa = PBXBuildFile; fileRef = A7B3580227DA765C00165B4B /* Assets.xcassets */; };
		A7B3580627DA765C00165B4B /* LaunchScreen.storyboard in Resources */ = {isa = PBXBuildFile; fileRef = A7B3580427DA765C00165B4B /* LaunchScreen.storyboard */; };
		A7B3581327DA780400165B4B /* ExploreViewController.swift in Sources */ = {isa = PBXBuildFile; fileRef = A7B3581227DA780400165B4B /* ExploreViewController.swift */; };
		A7B3581527DA782300165B4B /* CameraViewController.swift in Sources */ = {isa = PBXBuildFile; fileRef = A7B3581427DA782300165B4B /* CameraViewController.swift */; };
		A7B3581727DA783500165B4B /* NotificationsViewController.swift in Sources */ = {isa = PBXBuildFile; fileRef = A7B3581627DA783500165B4B /* NotificationsViewController.swift */; };
		A7B3581927DA784100165B4B /* ProfileViewController.swift in Sources */ = {isa = PBXBuildFile; fileRef = A7B3581827DA784100165B4B /* ProfileViewController.swift */; };
		A7B3581E27DA7A0700165B4B /* LoginViewController.swift in Sources */ = {isa = PBXBuildFile; fileRef = A7B3581D27DA7A0700165B4B /* LoginViewController.swift */; };
		A7B3582027DA7A1A00165B4B /* RegistrationViewController.swift in Sources */ = {isa = PBXBuildFile; fileRef = A7B3581F27DA7A1A00165B4B /* RegistrationViewController.swift */; };
		A7B3582227DA7A3700165B4B /* PostViewController.swift in Sources */ = {isa = PBXBuildFile; fileRef = A7B3582127DA7A3700165B4B /* PostViewController.swift */; };
		A7B3582527DA7A5F00165B4B /* EditProfileViewController.swift in Sources */ = {isa = PBXBuildFile; fileRef = A7B3582427DA7A5F00165B4B /* EditProfileViewController.swift */; };
		A7B3582727DA7A6900165B4B /* SettingsViewController.swift in Sources */ = {isa = PBXBuildFile; fileRef = A7B3582627DA7A6900165B4B /* SettingsViewController.swift */; };
		A7B3582927DA7A7D00165B4B /* ListViewController.swift in Sources */ = {isa = PBXBuildFile; fileRef = A7B3582827DA7A7D00165B4B /* ListViewController.swift */; };
		A7B3582B27DA7A8E00165B4B /* SearchViewController.swift in Sources */ = {isa = PBXBuildFile; fileRef = A7B3582A27DA7A8E00165B4B /* SearchViewController.swift */; };
		A7B3582D27DA7A9A00165B4B /* SearchResultViewController.swift in Sources */ = {isa = PBXBuildFile; fileRef = A7B3582C27DA7A9A00165B4B /* SearchResultViewController.swift */; };
		A7B3582F27DA7ABF00165B4B /* PostEditorViewController.swift in Sources */ = {isa = PBXBuildFile; fileRef = A7B3582E27DA7ABF00165B4B /* PostEditorViewController.swift */; };
		A7B3583127DA7ACE00165B4B /* PublishPostViewController.swift in Sources */ = {isa = PBXBuildFile; fileRef = A7B3583027DA7ACE00165B4B /* PublishPostViewController.swift */; };
		E8FF35A7CF6993C803C2FCC2 /* Pods_InstagramClone.framework in Frameworks */ = {isa = PBXBuildFile; fileRef = 4BFBC0C3B0A1B97C3B0AFEB3 /* Pods_InstagramClone.framework */; };
/* End PBXBuildFile section */

/* Begin PBXFileReference section */
		4BFBC0C3B0A1B97C3B0AFEB3 /* Pods_InstagramClone.framework */ = {isa = PBXFileReference; explicitFileType = wrapper.framework; includeInIndex = 0; path = Pods_InstagramClone.framework; sourceTree = BUILT_PRODUCTS_DIR; };
		8C48357371447BF3689E2EC5 /* Pods-InstagramClone.debug.xcconfig */ = {isa = PBXFileReference; includeInIndex = 1; lastKnownFileType = text.xcconfig; name = "Pods-InstagramClone.debug.xcconfig"; path = "Target Support Files/Pods-InstagramClone/Pods-InstagramClone.debug.xcconfig"; sourceTree = "<group>"; };
		A738695027DBD39700530539 /* Extensions.swift */ = {isa = PBXFileReference; lastKnownFileType = sourcecode.swift; path = Extensions.swift; sourceTree = "<group>"; };
		A77F63AA27DA8E9E009DE6A5 /* GoogleService-Info.plist */ = {isa = PBXFileReference; fileEncoding = 4; lastKnownFileType = text.plist.xml; name = "GoogleService-Info.plist"; path = "Resources/GoogleService-Info.plist"; sourceTree = "<group>"; };
		A78F90B627DBCA840032B669 /* StorageManager.swift */ = {isa = PBXFileReference; lastKnownFileType = sourcecode.swift; path = StorageManager.swift; sourceTree = "<group>"; };
		A78F90B827DBCA9F0032B669 /* AuthenticationManager.swift */ = {isa = PBXFileReference; lastKnownFileType = sourcecode.swift; path = AuthenticationManager.swift; sourceTree = "<group>"; };
		A78F90BA27DBCAAB0032B669 /* DatabaseManager.swift */ = {isa = PBXFileReference; lastKnownFileType = sourcecode.swift; path = DatabaseManager.swift; sourceTree = "<group>"; };
		A7B357F627DA765B00165B4B /* InstagramClone.app */ = {isa = PBXFileReference; explicitFileType = wrapper.application; includeInIndex = 0; path = InstagramClone.app; sourceTree = BUILT_PRODUCTS_DIR; };
		A7B357F927DA765B00165B4B /* AppDelegate.swift */ = {isa = PBXFileReference; lastKnownFileType = sourcecode.swift; path = AppDelegate.swift; sourceTree = "<group>"; };
		A7B357FB27DA765B00165B4B /* SceneDelegate.swift */ = {isa = PBXFileReference; lastKnownFileType = sourcecode.swift; path = SceneDelegate.swift; sourceTree = "<group>"; };
		A7B357FD27DA765B00165B4B /* HomeViewController.swift */ = {isa = PBXFileReference; lastKnownFileType = sourcecode.swift; path = HomeViewController.swift; sourceTree = "<group>"; };
		A7B3580027DA765B00165B4B /* Base */ = {isa = PBXFileReference; lastKnownFileType = file.storyboard; name = Base; path = Base.lproj/Main.storyboard; sourceTree = "<group>"; };
		A7B3580227DA765C00165B4B /* Assets.xcassets */ = {isa = PBXFileReference; lastKnownFileType = folder.assetcatalog; path = Assets.xcassets; sourceTree = "<group>"; };
		A7B3580527DA765C00165B4B /* Base */ = {isa = PBXFileReference; lastKnownFileType = file.storyboard; name = Base; path = Base.lproj/LaunchScreen.storyboard; sourceTree = "<group>"; };
		A7B3580727DA765C00165B4B /* Info.plist */ = {isa = PBXFileReference; lastKnownFileType = text.plist.xml; path = Info.plist; sourceTree = "<group>"; };
		A7B3581227DA780400165B4B /* ExploreViewController.swift */ = {isa = PBXFileReference; lastKnownFileType = sourcecode.swift; path = ExploreViewController.swift; sourceTree = "<group>"; };
		A7B3581427DA782300165B4B /* CameraViewController.swift */ = {isa = PBXFileReference; lastKnownFileType = sourcecode.swift; path = CameraViewController.swift; sourceTree = "<group>"; };
		A7B3581627DA783500165B4B /* NotificationsViewController.swift */ = {isa = PBXFileReference; lastKnownFileType = sourcecode.swift; path = NotificationsViewController.swift; sourceTree = "<group>"; };
		A7B3581827DA784100165B4B /* ProfileViewController.swift */ = {isa = PBXFileReference; lastKnownFileType = sourcecode.swift; path = ProfileViewController.swift; sourceTree = "<group>"; };
		A7B3581D27DA7A0700165B4B /* LoginViewController.swift */ = {isa = PBXFileReference; lastKnownFileType = sourcecode.swift; path = LoginViewController.swift; sourceTree = "<group>"; };
		A7B3581F27DA7A1A00165B4B /* RegistrationViewController.swift */ = {isa = PBXFileReference; lastKnownFileType = sourcecode.swift; path = RegistrationViewController.swift; sourceTree = "<group>"; };
		A7B3582127DA7A3700165B4B /* PostViewController.swift */ = {isa = PBXFileReference; lastKnownFileType = sourcecode.swift; path = PostViewController.swift; sourceTree = "<group>"; };
		A7B3582427DA7A5F00165B4B /* EditProfileViewController.swift */ = {isa = PBXFileReference; lastKnownFileType = sourcecode.swift; path = EditProfileViewController.swift; sourceTree = "<group>"; };
		A7B3582627DA7A6900165B4B /* SettingsViewController.swift */ = {isa = PBXFileReference; lastKnownFileType = sourcecode.swift; path = SettingsViewController.swift; sourceTree = "<group>"; };
		A7B3582827DA7A7D00165B4B /* ListViewController.swift */ = {isa = PBXFileReference; lastKnownFileType = sourcecode.swift; path = ListViewController.swift; sourceTree = "<group>"; };
		A7B3582A27DA7A8E00165B4B /* SearchViewController.swift */ = {isa = PBXFileReference; lastKnownFileType = sourcecode.swift; path = SearchViewController.swift; sourceTree = "<group>"; };
		A7B3582C27DA7A9A00165B4B /* SearchResultViewController.swift */ = {isa = PBXFileReference; lastKnownFileType = sourcecode.swift; path = SearchResultViewController.swift; sourceTree = "<group>"; };
		A7B3582E27DA7ABF00165B4B /* PostEditorViewController.swift */ = {isa = PBXFileReference; lastKnownFileType = sourcecode.swift; path = PostEditorViewController.swift; sourceTree = "<group>"; };
		A7B3583027DA7ACE00165B4B /* PublishPostViewController.swift */ = {isa = PBXFileReference; lastKnownFileType = sourcecode.swift; path = PublishPostViewController.swift; sourceTree = "<group>"; };
		B1B80DC96E7F95C99381C1AC /* Pods-InstagramClone.release.xcconfig */ = {isa = PBXFileReference; includeInIndex = 1; lastKnownFileType = text.xcconfig; name = "Pods-InstagramClone.release.xcconfig"; path = "Target Support Files/Pods-InstagramClone/Pods-InstagramClone.release.xcconfig"; sourceTree = "<group>"; };
/* End PBXFileReference section */

/* Begin PBXFrameworksBuildPhase section */
		A7B357F327DA765B00165B4B /* Frameworks */ = {
			isa = PBXFrameworksBuildPhase;
			buildActionMask = 2147483647;
			files = (
				E8FF35A7CF6993C803C2FCC2 /* Pods_InstagramClone.framework in Frameworks */,
			);
			runOnlyForDeploymentPostprocessing = 0;
		};
/* End PBXFrameworksBuildPhase section */

/* Begin PBXGroup section */
		7E642F59E62855893E4735C0 /* Pods */ = {
			isa = PBXGroup;
			children = (
				8C48357371447BF3689E2EC5 /* Pods-InstagramClone.debug.xcconfig */,
				B1B80DC96E7F95C99381C1AC /* Pods-InstagramClone.release.xcconfig */,
			);
			path = Pods;
			sourceTree = "<group>";
		};
		A77F63AC27DA9A9C009DE6A5 /* General */ = {
			isa = PBXGroup;
			children = (
				A7B3582127DA7A3700165B4B /* PostViewController.swift */,
				A7B3582427DA7A5F00165B4B /* EditProfileViewController.swift */,
				A7B3582627DA7A6900165B4B /* SettingsViewController.swift */,
				A7B3582827DA7A7D00165B4B /* ListViewController.swift */,
				A7B3582A27DA7A8E00165B4B /* SearchViewController.swift */,
				A7B3582C27DA7A9A00165B4B /* SearchResultViewController.swift */,
				A7B3582E27DA7ABF00165B4B /* PostEditorViewController.swift */,
				A7B3583027DA7ACE00165B4B /* PublishPostViewController.swift */,
			);
			path = General;
			sourceTree = "<group>";
		};
		A7B357ED27DA765B00165B4B = {
			isa = PBXGroup;
			children = (
				A7B357F827DA765B00165B4B /* InstagramClone */,
				A7B357F727DA765B00165B4B /* Products */,
				7E642F59E62855893E4735C0 /* Pods */,
				C21EE310C126C0CA7CA8184F /* Frameworks */,
			);
			sourceTree = "<group>";
		};
		A7B357F727DA765B00165B4B /* Products */ = {
			isa = PBXGroup;
			children = (
				A7B357F627DA765B00165B4B /* InstagramClone.app */,
			);
			name = Products;
			sourceTree = "<group>";
		};
		A7B357F827DA765B00165B4B /* InstagramClone */ = {
			isa = PBXGroup;
			children = (
				A7B3581027DA770700165B4B /* Resources */,
				A7B3580F27DA76FF00165B4B /* Models */,
				A7B3580E27DA76F700165B4B /* Views */,
				A7B3580D27DA76ED00165B4B /* Controllers */,
				A7B3580727DA765C00165B4B /* Info.plist */,
				A77F63AA27DA8E9E009DE6A5 /* GoogleService-Info.plist */,
			);
			path = InstagramClone;
			sourceTree = "<group>";
		};
		A7B3580D27DA76ED00165B4B /* Controllers */ = {
			isa = PBXGroup;
			children = (
				A7B3581B27DA79E300165B4B /* Other */,
				A7B3581A27DA784F00165B4B /* Core Tabs */,
			);
			path = Controllers;
			sourceTree = "<group>";
		};
		A7B3580E27DA76F700165B4B /* Views */ = {
			isa = PBXGroup;
			children = (
				A7B3581127DA774200165B4B /* Storyboards */,
				A7B3580227DA765C00165B4B /* Assets.xcassets */,
			);
			path = Views;
			sourceTree = "<group>";
		};
		A7B3580F27DA76FF00165B4B /* Models */ = {
			isa = PBXGroup;
			children = (
			);
			path = Models;
			sourceTree = "<group>";
		};
		A7B3581027DA770700165B4B /* Resources */ = {
			isa = PBXGroup;
			children = (
				A7B357F927DA765B00165B4B /* AppDelegate.swift */,
				A7B357FB27DA765B00165B4B /* SceneDelegate.swift */,
				A78F90B627DBCA840032B669 /* StorageManager.swift */,
				A78F90B827DBCA9F0032B669 /* AuthenticationManager.swift */,
				A78F90BA27DBCAAB0032B669 /* DatabaseManager.swift */,
				A738695027DBD39700530539 /* Extensions.swift */,
			);
			path = Resources;
			sourceTree = "<group>";
		};
		A7B3581127DA774200165B4B /* Storyboards */ = {
			isa = PBXGroup;
			children = (
				A7B357FF27DA765B00165B4B /* Main.storyboard */,
				A7B3580427DA765C00165B4B /* LaunchScreen.storyboard */,
			);
			path = Storyboards;
			sourceTree = "<group>";
		};
		A7B3581A27DA784F00165B4B /* Core Tabs */ = {
			isa = PBXGroup;
			children = (
				A7B357FD27DA765B00165B4B /* HomeViewController.swift */,
				A7B3581227DA780400165B4B /* ExploreViewController.swift */,
				A7B3581427DA782300165B4B /* CameraViewController.swift */,
				A7B3581627DA783500165B4B /* NotificationsViewController.swift */,
				A7B3581827DA784100165B4B /* ProfileViewController.swift */,
			);
			path = "Core Tabs";
			sourceTree = "<group>";
		};
		A7B3581B27DA79E300165B4B /* Other */ = {
			isa = PBXGroup;
			children = (
				A7B3581C27DA79EB00165B4B /* Onboarding */,
				A77F63AC27DA9A9C009DE6A5 /* General */,
			);
			path = Other;
			sourceTree = "<group>";
		};
		A7B3581C27DA79EB00165B4B /* Onboarding */ = {
			isa = PBXGroup;
			children = (
				A7B3581D27DA7A0700165B4B /* LoginViewController.swift */,
				A7B3581F27DA7A1A00165B4B /* RegistrationViewController.swift */,
			);
			path = Onboarding;
			sourceTree = "<group>";
		};
		C21EE310C126C0CA7CA8184F /* Frameworks */ = {
			isa = PBXGroup;
			children = (
				4BFBC0C3B0A1B97C3B0AFEB3 /* Pods_InstagramClone.framework */,
			);
			name = Frameworks;
			sourceTree = "<group>";
		};
/* End PBXGroup section */

/* Begin PBXNativeTarget section */
		A7B357F527DA765B00165B4B /* InstagramClone */ = {
			isa = PBXNativeTarget;
			buildConfigurationList = A7B3580A27DA765C00165B4B /* Build configuration list for PBXNativeTarget "InstagramClone" */;
			buildPhases = (
				FCFE121096AE5E84495D8D75 /* [CP] Check Pods Manifest.lock */,
				A7B357F227DA765B00165B4B /* Sources */,
				A7B357F327DA765B00165B4B /* Frameworks */,
				A7B357F427DA765B00165B4B /* Resources */,
				BFAA5514244FDA02CD026F42 /* [CP] Embed Pods Frameworks */,
			);
			buildRules = (
			);
			dependencies = (
			);
			name = InstagramClone;
			productName = InstagramClone;
			productReference = A7B357F627DA765B00165B4B /* InstagramClone.app */;
			productType = "com.apple.product-type.application";
		};
/* End PBXNativeTarget section */

/* Begin PBXProject section */
		A7B357EE27DA765B00165B4B /* Project object */ = {
			isa = PBXProject;
			attributes = {
				BuildIndependentTargetsInParallel = 1;
				LastSwiftUpdateCheck = 1320;
				LastUpgradeCheck = 1320;
				TargetAttributes = {
					A7B357F527DA765B00165B4B = {
						CreatedOnToolsVersion = 13.2.1;
					};
				};
			};
			buildConfigurationList = A7B357F127DA765B00165B4B /* Build configuration list for PBXProject "InstagramClone" */;
			compatibilityVersion = "Xcode 13.0";
			developmentRegion = en;
			hasScannedForEncodings = 0;
			knownRegions = (
				en,
				Base,
			);
			mainGroup = A7B357ED27DA765B00165B4B;
			productRefGroup = A7B357F727DA765B00165B4B /* Products */;
			projectDirPath = "";
			projectRoot = "";
			targets = (
				A7B357F527DA765B00165B4B /* InstagramClone */,
			);
		};
/* End PBXProject section */

/* Begin PBXResourcesBuildPhase section */
		A7B357F427DA765B00165B4B /* Resources */ = {
			isa = PBXResourcesBuildPhase;
			buildActionMask = 2147483647;
			files = (
				A7B3580627DA765C00165B4B /* LaunchScreen.storyboard in Resources */,
				A77F63AB27DA8E9E009DE6A5 /* GoogleService-Info.plist in Resources */,
				A7B3580327DA765C00165B4B /* Assets.xcassets in Resources */,
				A7B3580127DA765B00165B4B /* Main.storyboard in Resources */,
			);
			runOnlyForDeploymentPostprocessing = 0;
		};
/* End PBXResourcesBuildPhase section */

/* Begin PBXShellScriptBuildPhase section */
		BFAA5514244FDA02CD026F42 /* [CP] Embed Pods Frameworks */ = {
			isa = PBXShellScriptBuildPhase;
			buildActionMask = 2147483647;
			files = (
			);
			inputFileListPaths = (
				"${PODS_ROOT}/Target Support Files/Pods-InstagramClone/Pods-InstagramClone-frameworks-${CONFIGURATION}-input-files.xcfilelist",
			);
			name = "[CP] Embed Pods Frameworks";
			outputFileListPaths = (
				"${PODS_ROOT}/Target Support Files/Pods-InstagramClone/Pods-InstagramClone-frameworks-${CONFIGURATION}-output-files.xcfilelist",
			);
			runOnlyForDeploymentPostprocessing = 0;
			shellPath = /bin/sh;
			shellScript = "\"${PODS_ROOT}/Target Support Files/Pods-InstagramClone/Pods-InstagramClone-frameworks.sh\"\n";
			showEnvVarsInLog = 0;
		};
		FCFE121096AE5E84495D8D75 /* [CP] Check Pods Manifest.lock */ = {
			isa = PBXShellScriptBuildPhase;
			buildActionMask = 2147483647;
			files = (
			);
			inputFileListPaths = (
			);
			inputPaths = (
				"${PODS_PODFILE_DIR_PATH}/Podfile.lock",
				"${PODS_ROOT}/Manifest.lock",
			);
			name = "[CP] Check Pods Manifest.lock";
			outputFileListPaths = (
			);
			outputPaths = (
				"$(DERIVED_FILE_DIR)/Pods-InstagramClone-checkManifestLockResult.txt",
			);
			runOnlyForDeploymentPostprocessing = 0;
			shellPath = /bin/sh;
			shellScript = "diff \"${PODS_PODFILE_DIR_PATH}/Podfile.lock\" \"${PODS_ROOT}/Manifest.lock\" > /dev/null\nif [ $? != 0 ] ; then\n    # print error to STDERR\n    echo \"error: The sandbox is not in sync with the Podfile.lock. Run 'pod install' or update your CocoaPods installation.\" >&2\n    exit 1\nfi\n# This output is used by Xcode 'outputs' to avoid re-running this script phase.\necho \"SUCCESS\" > \"${SCRIPT_OUTPUT_FILE_0}\"\n";
			showEnvVarsInLog = 0;
		};
/* End PBXShellScriptBuildPhase section */

/* Begin PBXSourcesBuildPhase section */
		A7B357F227DA765B00165B4B /* Sources */ = {
			isa = PBXSourcesBuildPhase;
			buildActionMask = 2147483647;
			files = (
				A7B3582527DA7A5F00165B4B /* EditProfileViewController.swift in Sources */,
				A7B3581327DA780400165B4B /* ExploreViewController.swift in Sources */,
				A7B3583127DA7ACE00165B4B /* PublishPostViewController.swift in Sources */,
				A78F90B727DBCA840032B669 /* StorageManager.swift in Sources */,
				A78F90B927DBCA9F0032B669 /* AuthenticationManager.swift in Sources */,
				A7B3581527DA782300165B4B /* CameraViewController.swift in Sources */,
				A7B357FE27DA765B00165B4B /* HomeViewController.swift in Sources */,
				A7B3582027DA7A1A00165B4B /* RegistrationViewController.swift in Sources */,
				A7B3582F27DA7ABF00165B4B /* PostEditorViewController.swift in Sources */,
				A7B3582227DA7A3700165B4B /* PostViewController.swift in Sources */,
				A7B3581727DA783500165B4B /* NotificationsViewController.swift in Sources */,
				A7B3582D27DA7A9A00165B4B /* SearchResultViewController.swift in Sources */,
				A78F90BB27DBCAAB0032B669 /* DatabaseManager.swift in Sources */,
				A738695127DBD39700530539 /* Extensions.swift in Sources */,
				A7B3581E27DA7A0700165B4B /* LoginViewController.swift in Sources */,
				A7B3582B27DA7A8E00165B4B /* SearchViewController.swift in Sources */,
				A7B3581927DA784100165B4B /* ProfileViewController.swift in Sources */,
				A7B357FA27DA765B00165B4B /* AppDelegate.swift in Sources */,
				A7B357FC27DA765B00165B4B /* SceneDelegate.swift in Sources */,
				A7B3582927DA7A7D00165B4B /* ListViewController.swift in Sources */,
				A7B3582727DA7A6900165B4B /* SettingsViewController.swift in Sources */,
			);
			runOnlyForDeploymentPostprocessing = 0;
		};
/* End PBXSourcesBuildPhase section */

/* Begin PBXVariantGroup section */
		A7B357FF27DA765B00165B4B /* Main.storyboard */ = {
			isa = PBXVariantGroup;
			children = (
				A7B3580027DA765B00165B4B /* Base */,
			);
			name = Main.storyboard;
			sourceTree = "<group>";
		};
		A7B3580427DA765C00165B4B /* LaunchScreen.storyboard */ = {
			isa = PBXVariantGroup;
			children = (
				A7B3580527DA765C00165B4B /* Base */,
			);
			name = LaunchScreen.storyboard;
			sourceTree = "<group>";
		};
/* End PBXVariantGroup section */

/* Begin XCBuildConfiguration section */
		A7B3580827DA765C00165B4B /* Debug */ = {
			isa = XCBuildConfiguration;
			buildSettings = {
				ALWAYS_SEARCH_USER_PATHS = NO;
				CLANG_ANALYZER_NONNULL = YES;
				CLANG_ANALYZER_NUMBER_OBJECT_CONVERSION = YES_AGGRESSIVE;
				CLANG_CXX_LANGUAGE_STANDARD = "gnu++17";
				CLANG_CXX_LIBRARY = "libc++";
				CLANG_ENABLE_MODULES = YES;
				CLANG_ENABLE_OBJC_ARC = YES;
				CLANG_ENABLE_OBJC_WEAK = YES;
				CLANG_WARN_BLOCK_CAPTURE_AUTORELEASING = YES;
				CLANG_WARN_BOOL_CONVERSION = YES;
				CLANG_WARN_COMMA = YES;
				CLANG_WARN_CONSTANT_CONVERSION = YES;
				CLANG_WARN_DEPRECATED_OBJC_IMPLEMENTATIONS = YES;
				CLANG_WARN_DIRECT_OBJC_ISA_USAGE = YES_ERROR;
				CLANG_WARN_DOCUMENTATION_COMMENTS = YES;
				CLANG_WARN_EMPTY_BODY = YES;
				CLANG_WARN_ENUM_CONVERSION = YES;
				CLANG_WARN_INFINITE_RECURSION = YES;
				CLANG_WARN_INT_CONVERSION = YES;
				CLANG_WARN_NON_LITERAL_NULL_CONVERSION = YES;
				CLANG_WARN_OBJC_IMPLICIT_RETAIN_SELF = YES;
				CLANG_WARN_OBJC_LITERAL_CONVERSION = YES;
				CLANG_WARN_OBJC_ROOT_CLASS = YES_ERROR;
				CLANG_WARN_QUOTED_INCLUDE_IN_FRAMEWORK_HEADER = YES;
				CLANG_WARN_RANGE_LOOP_ANALYSIS = YES;
				CLANG_WARN_STRICT_PROTOTYPES = YES;
				CLANG_WARN_SUSPICIOUS_MOVE = YES;
				CLANG_WARN_UNGUARDED_AVAILABILITY = YES_AGGRESSIVE;
				CLANG_WARN_UNREACHABLE_CODE = YES;
				CLANG_WARN__DUPLICATE_METHOD_MATCH = YES;
				COPY_PHASE_STRIP = NO;
				DEBUG_INFORMATION_FORMAT = dwarf;
				ENABLE_STRICT_OBJC_MSGSEND = YES;
				ENABLE_TESTABILITY = YES;
				GCC_C_LANGUAGE_STANDARD = gnu11;
				GCC_DYNAMIC_NO_PIC = NO;
				GCC_NO_COMMON_BLOCKS = YES;
				GCC_OPTIMIZATION_LEVEL = 0;
				GCC_PREPROCESSOR_DEFINITIONS = (
					"DEBUG=1",
					"$(inherited)",
				);
				GCC_WARN_64_TO_32_BIT_CONVERSION = YES;
				GCC_WARN_ABOUT_RETURN_TYPE = YES_ERROR;
				GCC_WARN_UNDECLARED_SELECTOR = YES;
				GCC_WARN_UNINITIALIZED_AUTOS = YES_AGGRESSIVE;
				GCC_WARN_UNUSED_FUNCTION = YES;
				GCC_WARN_UNUSED_VARIABLE = YES;
				IPHONEOS_DEPLOYMENT_TARGET = 15.2;
				MTL_ENABLE_DEBUG_INFO = INCLUDE_SOURCE;
				MTL_FAST_MATH = YES;
				ONLY_ACTIVE_ARCH = YES;
				SDKROOT = iphoneos;
				SWIFT_ACTIVE_COMPILATION_CONDITIONS = DEBUG;
				SWIFT_OPTIMIZATION_LEVEL = "-Onone";
			};
			name = Debug;
		};
		A7B3580927DA765C00165B4B /* Release */ = {
			isa = XCBuildConfiguration;
			buildSettings = {
				ALWAYS_SEARCH_USER_PATHS = NO;
				CLANG_ANALYZER_NONNULL = YES;
				CLANG_ANALYZER_NUMBER_OBJECT_CONVERSION = YES_AGGRESSIVE;
				CLANG_CXX_LANGUAGE_STANDARD = "gnu++17";
				CLANG_CXX_LIBRARY = "libc++";
				CLANG_ENABLE_MODULES = YES;
				CLANG_ENABLE_OBJC_ARC = YES;
				CLANG_ENABLE_OBJC_WEAK = YES;
				CLANG_WARN_BLOCK_CAPTURE_AUTORELEASING = YES;
				CLANG_WARN_BOOL_CONVERSION = YES;
				CLANG_WARN_COMMA = YES;
				CLANG_WARN_CONSTANT_CONVERSION = YES;
				CLANG_WARN_DEPRECATED_OBJC_IMPLEMENTATIONS = YES;
				CLANG_WARN_DIRECT_OBJC_ISA_USAGE = YES_ERROR;
				CLANG_WARN_DOCUMENTATION_COMMENTS = YES;
				CLANG_WARN_EMPTY_BODY = YES;
				CLANG_WARN_ENUM_CONVERSION = YES;
				CLANG_WARN_INFINITE_RECURSION = YES;
				CLANG_WARN_INT_CONVERSION = YES;
				CLANG_WARN_NON_LITERAL_NULL_CONVERSION = YES;
				CLANG_WARN_OBJC_IMPLICIT_RETAIN_SELF = YES;
				CLANG_WARN_OBJC_LITERAL_CONVERSION = YES;
				CLANG_WARN_OBJC_ROOT_CLASS = YES_ERROR;
				CLANG_WARN_QUOTED_INCLUDE_IN_FRAMEWORK_HEADER = YES;
				CLANG_WARN_RANGE_LOOP_ANALYSIS = YES;
				CLANG_WARN_STRICT_PROTOTYPES = YES;
				CLANG_WARN_SUSPICIOUS_MOVE = YES;
				CLANG_WARN_UNGUARDED_AVAILABILITY = YES_AGGRESSIVE;
				CLANG_WARN_UNREACHABLE_CODE = YES;
				CLANG_WARN__DUPLICATE_METHOD_MATCH = YES;
				COPY_PHASE_STRIP = NO;
				DEBUG_INFORMATION_FORMAT = "dwarf-with-dsym";
				ENABLE_NS_ASSERTIONS = NO;
				ENABLE_STRICT_OBJC_MSGSEND = YES;
				GCC_C_LANGUAGE_STANDARD = gnu11;
				GCC_NO_COMMON_BLOCKS = YES;
				GCC_WARN_64_TO_32_BIT_CONVERSION = YES;
				GCC_WARN_ABOUT_RETURN_TYPE = YES_ERROR;
				GCC_WARN_UNDECLARED_SELECTOR = YES;
				GCC_WARN_UNINITIALIZED_AUTOS = YES_AGGRESSIVE;
				GCC_WARN_UNUSED_FUNCTION = YES;
				GCC_WARN_UNUSED_VARIABLE = YES;
				IPHONEOS_DEPLOYMENT_TARGET = 15.2;
				MTL_ENABLE_DEBUG_INFO = NO;
				MTL_FAST_MATH = YES;
				SDKROOT = iphoneos;
				SWIFT_COMPILATION_MODE = wholemodule;
				SWIFT_OPTIMIZATION_LEVEL = "-O";
				VALIDATE_PRODUCT = YES;
			};
			name = Release;
		};
		A7B3580B27DA765C00165B4B /* Debug */ = {
			isa = XCBuildConfiguration;
			baseConfigurationReference = 8C48357371447BF3689E2EC5 /* Pods-InstagramClone.debug.xcconfig */;
			buildSettings = {
				ASSETCATALOG_COMPILER_APPICON_NAME = AppIcon;
				ASSETCATALOG_COMPILER_GLOBAL_ACCENT_COLOR_NAME = AccentColor;
				CODE_SIGN_STYLE = Automatic;
				CURRENT_PROJECT_VERSION = 1;
				DEVELOPMENT_TEAM = WCXRCY5QXR;
				GENERATE_INFOPLIST_FILE = YES;
				INFOPLIST_FILE = InstagramClone/Info.plist;
				INFOPLIST_KEY_UIApplicationSupportsIndirectInputEvents = YES;
				INFOPLIST_KEY_UILaunchStoryboardName = LaunchScreen;
				INFOPLIST_KEY_UIMainStoryboardFile = Main;
				INFOPLIST_KEY_UISupportedInterfaceOrientations = UIInterfaceOrientationPortrait;
				INFOPLIST_KEY_UISupportedInterfaceOrientations_iPad = "UIInterfaceOrientationPortrait UIInterfaceOrientationPortraitUpsideDown UIInterfaceOrientationLandscapeLeft UIInterfaceOrientationLandscapeRight";
				INFOPLIST_KEY_UISupportedInterfaceOrientations_iPhone = UIInterfaceOrientationPortrait;
				IPHONEOS_DEPLOYMENT_TARGET = 13.6;
				LD_RUNPATH_SEARCH_PATHS = (
					"$(inherited)",
					"@executable_path/Frameworks",
				);
				MARKETING_VERSION = 1.0;
				PRODUCT_BUNDLE_IDENTIFIER = com.samedsemihs.InstagramClone;
				PRODUCT_NAME = "$(TARGET_NAME)";
				SWIFT_EMIT_LOC_STRINGS = YES;
				SWIFT_VERSION = 5.0;
				TARGETED_DEVICE_FAMILY = 1;
			};
			name = Debug;
		};
		A7B3580C27DA765C00165B4B /* Release */ = {
			isa = XCBuildConfiguration;
			baseConfigurationReference = B1B80DC96E7F95C99381C1AC /* Pods-InstagramClone.release.xcconfig */;
			buildSettings = {
				ASSETCATALOG_COMPILER_APPICON_NAME = AppIcon;
				ASSETCATALOG_COMPILER_GLOBAL_ACCENT_COLOR_NAME = AccentColor;
				CODE_SIGN_STYLE = Automatic;
				CURRENT_PROJECT_VERSION = 1;
				DEVELOPMENT_TEAM = WCXRCY5QXR;
				GENERATE_INFOPLIST_FILE = YES;
				INFOPLIST_FILE = InstagramClone/Info.plist;
				INFOPLIST_KEY_UIApplicationSupportsIndirectInputEvents = YES;
				INFOPLIST_KEY_UILaunchStoryboardName = LaunchScreen;
				INFOPLIST_KEY_UIMainStoryboardFile = Main;
				INFOPLIST_KEY_UISupportedInterfaceOrientations = UIInterfaceOrientationPortrait;
				INFOPLIST_KEY_UISupportedInterfaceOrientations_iPad = "UIInterfaceOrientationPortrait UIInterfaceOrientationPortraitUpsideDown UIInterfaceOrientationLandscapeLeft UIInterfaceOrientationLandscapeRight";
				INFOPLIST_KEY_UISupportedInterfaceOrientations_iPhone = UIInterfaceOrientationPortrait;
				IPHONEOS_DEPLOYMENT_TARGET = 13.6;
				LD_RUNPATH_SEARCH_PATHS = (
					"$(inherited)",
					"@executable_path/Frameworks",
				);
				MARKETING_VERSION = 1.0;
				PRODUCT_BUNDLE_IDENTIFIER = com.samedsemihs.InstagramClone;
				PRODUCT_NAME = "$(TARGET_NAME)";
				SWIFT_EMIT_LOC_STRINGS = YES;
				SWIFT_VERSION = 5.0;
				TARGETED_DEVICE_FAMILY = 1;
			};
			name = Release;
		};
/* End XCBuildConfiguration section */

/* Begin XCConfigurationList section */
		A7B357F127DA765B00165B4B /* Build configuration list for PBXProject "InstagramClone" */ = {
			isa = XCConfigurationList;
			buildConfigurations = (
				A7B3580827DA765C00165B4B /* Debug */,
				A7B3580927DA765C00165B4B /* Release */,
			);
			defaultConfigurationIsVisible = 0;
			defaultConfigurationName = Release;
		};
		A7B3580A27DA765C00165B4B /* Build configuration list for PBXNativeTarget "InstagramClone" */ = {
			isa = XCConfigurationList;
			buildConfigurations = (
				A7B3580B27DA765C00165B4B /* Debug */,
				A7B3580C27DA765C00165B4B /* Release */,
			);
			defaultConfigurationIsVisible = 0;
			defaultConfigurationName = Release;
		};
/* End XCConfigurationList section */
	};
	rootObject = A7B357EE27DA765B00165B4B /* Project object */;
}
